
Microsoft Visual Studio Solution File, Format Version 12.00
# Visual Studio Version 17
VisualStudioVersion = 17.0.31903.59
MinimumVisualStudioVersion = 10.0.40219.1
Project("{FAE04EC0-301F-11D3-BF4B-00C04F79EFBC}") = "SpecimenCheckIn.Api", "SpecimenCheckIn.Api\SpecimenCheckIn.Api.csproj", "{DDFBBB20-88F5-4104-91F6-EA19A7F352F3}"
EndProject
Project("{FAE04EC0-301F-11D3-BF4B-00C04F79EFBC}") = "SpecimenCheckIn.Tests", "SpecimenCheckIn.Tests\SpecimenCheckIn.Tests.csproj", "{A4118C9C-04D6-42B3-BA6D-49D00A293355}"
EndProject
Global
	GlobalSection(SolutionConfigurationPlatforms) = preSolution
		Debug|Any CPU = Debug|Any CPU
		Debug|x64 = Debug|x64
		Debug|x86 = Debug|x86
		Release|Any CPU = Release|Any CPU
		Release|x64 = Release|x64
		Release|x86 = Release|x86
	EndGlobalSection
	GlobalSection(ProjectConfigurationPlatforms) = postSolution
		{DDFBBB20-88F5-4104-91F6-EA19A7F352F3}.Debug|Any CPU.ActiveCfg = Debug|Any CPU
		{DDFBBB20-88F5-4104-91F6-EA19A7F352F3}.Debug|Any CPU.Build.0 = Debug|Any CPU
		{DDFBBB20-88F5-4104-91F6-EA19A7F352F3}.Debug|x64.ActiveCfg = Debug|Any CPU
		{DDFBBB20-88F5-4104-91F6-EA19A7F352F3}.Debug|x64.Build.0 = Debug|Any CPU
		{DDFBBB20-88F5-4104-91F6-EA19A7F352F3}.Debug|x86.ActiveCfg = Debug|Any CPU
		{DDFBBB20-88F5-4104-91F6-EA19A7F352F3}.Debug|x86.Build.0 = Debug|Any CPU
		{DDFBBB20-88F5-4104-91F6-EA19A7F352F3}.Release|Any CPU.ActiveCfg = Release|Any CPU
		{DDFBBB20-88F5-4104-91F6-EA19A7F352F3}.Release|Any CPU.Build.0 = Release|Any CPU
		{DDFBBB20-88F5-4104-91F6-EA19A7F352F3}.Release|x64.ActiveCfg = Release|Any CPU
		{DDFBBB20-88F5-4104-91F6-EA19A7F352F3}.Release|x64.Build.0 = Release|Any CPU
		{DDFBBB20-88F5-4104-91F6-EA19A7F352F3}.Release|x86.ActiveCfg = Release|Any CPU
		{DDFBBB20-88F5-4104-91F6-EA19A7F352F3}.Release|x86.Build.0 = Release|Any CPU
		{A4118C9C-04D6-42B3-BA6D-49D00A293355}.Debug|Any CPU.ActiveCfg = Debug|Any CPU
		{A4118C9C-04D6-42B3-BA6D-49D00A293355}.Debug|Any CPU.Build.0 = Debug|Any CPU
		{A4118C9C-04D6-42B3-BA6D-49D00A293355}.Debug|x64.ActiveCfg = Debug|Any CPU
		{A4118C9C-04D6-42B3-BA6D-49D00A293355}.Debug|x64.Build.0 = Debug|Any CPU
		{A4118C9C-04D6-42B3-BA6D-49D00A293355}.Debug|x86.ActiveCfg = Debug|Any CPU
		{A4118C9C-04D6-42B3-BA6D-49D00A293355}.Debug|x86.Build.0 = Debug|Any CPU
		{A4118C9C-04D6-42B3-BA6D-49D00A293355}.Release|Any CPU.ActiveCfg = Release|Any CPU
		{A4118C9C-04D6-42B3-BA6D-49D00A293355}.Release|Any CPU.Build.0 = Release|Any CPU
		{A4118C9C-04D6-42B3-BA6D-49D00A293355}.Release|x64.ActiveCfg = Release|Any CPU
		{A4118C9C-04D6-42B3-BA6D-49D00A293355}.Release|x64.Build.0 = Release|Any CPU
		{A4118C9C-04D6-42B3-BA6D-49D00A293355}.Release|x86.ActiveCfg = Release|Any CPU
		{A4118C9C-04D6-42B3-BA6D-49D00A293355}.Release|x86.Build.0 = Release|Any CPU
	EndGlobalSection
	GlobalSection(SolutionProperties) = preSolution
		HideSolutionNode = FALSE
	EndGlobalSection
EndGlobal
